
Microsoft Visual Studio Solution File, Format Version 12.00
# Visual Studio Version 17
VisualStudioVersion = 17.0.31903.59
MinimumVisualStudioVersion = 10.0.40219.1
Project("{9A19103F-16F7-4668-BE54-9A1E7A4F7556}") = "auftragsverwaltungs-service", "auftragsverwaltungs-service\auftragsverwaltungs-service.csproj", "{2F85857D-2436-4DC0-BD5B-F610D1F0BB7F}"
EndProject
Project("{9A19103F-16F7-4668-BE54-9A1E7A4F7556}") = "buchhaltungs-service", "buchhaltungs-service\buchhaltungs-service.csproj", "{5C540401-D9FA-48EC-80BE-802570A7856E}"
EndProject
Global
	GlobalSection(SolutionConfigurationPlatforms) = preSolution
		Debug|Any CPU = Debug|Any CPU
		Release|Any CPU = Release|Any CPU
	EndGlobalSection
	GlobalSection(ProjectConfigurationPlatforms) = postSolution
		{2F85857D-2436-4DC0-BD5B-F610D1F0BB7F}.Debug|Any CPU.ActiveCfg = Debug|Any CPU
		{2F85857D-2436-4DC0-BD5B-F610D1F0BB7F}.Debug|Any CPU.Build.0 = Debug|Any CPU
		{2F85857D-2436-4DC0-BD5B-F610D1F0BB7F}.Release|Any CPU.ActiveCfg = Release|Any CPU
		{2F85857D-2436-4DC0-BD5B-F610D1F0BB7F}.Release|Any CPU.Build.0 = Release|Any CPU
		{5C540401-D9FA-48EC-80BE-802570A7856E}.Debug|Any CPU.ActiveCfg = Debug|Any CPU
		{5C540401-D9FA-48EC-80BE-802570A7856E}.Debug|Any CPU.Build.0 = Debug|Any CPU
		{5C540401-D9FA-48EC-80BE-802570A7856E}.Release|Any CPU.ActiveCfg = Release|Any CPU
		{5C540401-D9FA-48EC-80BE-802570A7856E}.Release|Any CPU.Build.0 = Release|Any CPU
	EndGlobalSection
	GlobalSection(SolutionProperties) = preSolution
		HideSolutionNode = FALSE
	EndGlobalSection
	GlobalSection(ExtensibilityGlobals) = postSolution
		SolutionGuid = {F08C7CD7-61A9-4221-86DA-EDB8A8FE6D72}
	EndGlobalSection
EndGlobal
